
Microsoft Visual Studio Solution File, Format Version 12.00
# Visual Studio Version 16
VisualStudioVersion = 16.0.32901.82
MinimumVisualStudioVersion = 10.0.40219.1
Project("{FAE04EC0-301F-11D3-BF4B-00C04F79EFBC}") = "Sealed Class", "Sealed Class\Sealed Class.csproj", "{A2890D86-CA29-4121-B28E-A739C2FB213D}"
EndProject
Global
	GlobalSection(SolutionConfigurationPlatforms) = preSolution
		Debug|Any CPU = Debug|Any CPU
		Release|Any CPU = Release|Any CPU
	EndGlobalSection
	GlobalSection(ProjectConfigurationPlatforms) = postSolution
		{A2890D86-CA29-4121-B28E-A739C2FB213D}.Debug|Any CPU.ActiveCfg = Debug|Any CPU
		{A2890D86-CA29-4121-B28E-A739C2FB213D}.Debug|Any CPU.Build.0 = Debug|Any CPU
		{A2890D86-CA29-4121-B28E-A739C2FB213D}.Release|Any CPU.ActiveCfg = Release|Any CPU
		{A2890D86-CA29-4121-B28E-A739C2FB213D}.Release|Any CPU.Build.0 = Release|Any CPU
	EndGlobalSection
	GlobalSection(SolutionProperties) = preSolution
		HideSolutionNode = FALSE
	EndGlobalSection
	GlobalSection(ExtensibilityGlobals) = postSolution
		SolutionGuid = {99BDBAA0-64E9-450E-B7B5-F87DC4113FB2}
	EndGlobalSection
EndGlobal
