
Microsoft Visual Studio Solution File, Format Version 12.00
# Visual Studio Version 16
VisualStudioVersion = 16.0.32901.82
MinimumVisualStudioVersion = 10.0.40219.1
Project("{FAE04EC0-301F-11D3-BF4B-00C04F79EFBC}") = "ExceptionHandling(DefinedException)", "ExceptionHandling(DefinedException)\ExceptionHandling(DefinedException).csproj", "{C33BDA9D-AEDB-4C5F-8029-557257B45C12}"
EndProject
Global
	GlobalSection(SolutionConfigurationPlatforms) = preSolution
		Debug|Any CPU = Debug|Any CPU
		Release|Any CPU = Release|Any CPU
	EndGlobalSection
	GlobalSection(ProjectConfigurationPlatforms) = postSolution
		{C33BDA9D-AEDB-4C5F-8029-557257B45C12}.Debug|Any CPU.ActiveCfg = Debug|Any CPU
		{C33BDA9D-AEDB-4C5F-8029-557257B45C12}.Debug|Any CPU.Build.0 = Debug|Any CPU
		{C33BDA9D-AEDB-4C5F-8029-557257B45C12}.Release|Any CPU.ActiveCfg = Release|Any CPU
		{C33BDA9D-AEDB-4C5F-8029-557257B45C12}.Release|Any CPU.Build.0 = Release|Any CPU
	EndGlobalSection
	GlobalSection(SolutionProperties) = preSolution
		HideSolutionNode = FALSE
	EndGlobalSection
	GlobalSection(ExtensibilityGlobals) = postSolution
		SolutionGuid = {32E5AC69-AA61-4F8A-B642-F3FF82E8A1F9}
	EndGlobalSection
EndGlobal
