
Microsoft Visual Studio Solution File, Format Version 12.00
# Visual Studio Version 16
VisualStudioVersion = 16.0.32901.82
MinimumVisualStudioVersion = 10.0.40219.1
Project("{FAE04EC0-301F-11D3-BF4B-00C04F79EFBC}") = "3.2VolumeOfCubeCuboid", "3.2VolumeOfCubeCuboid\3.2VolumeOfCubeCuboid.csproj", "{E67A9A22-DC90-4E03-B3E1-EE26C111A467}"
EndProject
Global
	GlobalSection(SolutionConfigurationPlatforms) = preSolution
		Debug|Any CPU = Debug|Any CPU
		Release|Any CPU = Release|Any CPU
	EndGlobalSection
	GlobalSection(ProjectConfigurationPlatforms) = postSolution
		{E67A9A22-DC90-4E03-B3E1-EE26C111A467}.Debug|Any CPU.ActiveCfg = Debug|Any CPU
		{E67A9A22-DC90-4E03-B3E1-EE26C111A467}.Debug|Any CPU.Build.0 = Debug|Any CPU
		{E67A9A22-DC90-4E03-B3E1-EE26C111A467}.Release|Any CPU.ActiveCfg = Release|Any CPU
		{E67A9A22-DC90-4E03-B3E1-EE26C111A467}.Release|Any CPU.Build.0 = Release|Any CPU
	EndGlobalSection
	GlobalSection(SolutionProperties) = preSolution
		HideSolutionNode = FALSE
	EndGlobalSection
	GlobalSection(ExtensibilityGlobals) = postSolution
		SolutionGuid = {807F1F3E-F564-486C-9141-FD86153DAF59}
	EndGlobalSection
EndGlobal
