
Microsoft Visual Studio Solution File, Format Version 12.00
# Visual Studio Version 16
VisualStudioVersion = 16.0.32901.82
MinimumVisualStudioVersion = 10.0.40219.1
Project("{FAE04EC0-301F-11D3-BF4B-00C04F79EFBC}") = "2.2Bill(ConstructionOverloading)", "2.2Bill(ConstructionOverloading)\2.2Bill(ConstructionOverloading).csproj", "{99D11B44-91D6-4FA2-B52C-43D2BE76F643}"
EndProject
Global
	GlobalSection(SolutionConfigurationPlatforms) = preSolution
		Debug|Any CPU = Debug|Any CPU
		Release|Any CPU = Release|Any CPU
	EndGlobalSection
	GlobalSection(ProjectConfigurationPlatforms) = postSolution
		{99D11B44-91D6-4FA2-B52C-43D2BE76F643}.Debug|Any CPU.ActiveCfg = Debug|Any CPU
		{99D11B44-91D6-4FA2-B52C-43D2BE76F643}.Debug|Any CPU.Build.0 = Debug|Any CPU
		{99D11B44-91D6-4FA2-B52C-43D2BE76F643}.Release|Any CPU.ActiveCfg = Release|Any CPU
		{99D11B44-91D6-4FA2-B52C-43D2BE76F643}.Release|Any CPU.Build.0 = Release|Any CPU
	EndGlobalSection
	GlobalSection(SolutionProperties) = preSolution
		HideSolutionNode = FALSE
	EndGlobalSection
	GlobalSection(ExtensibilityGlobals) = postSolution
		SolutionGuid = {B5A9CA51-369D-447F-B177-FC3F1F491004}
	EndGlobalSection
EndGlobal
