
Microsoft Visual Studio Solution File, Format Version 12.00
# Visual Studio Version 16
VisualStudioVersion = 16.0.32901.82
MinimumVisualStudioVersion = 10.0.40219.1
Project("{FAE04EC0-301F-11D3-BF4B-00C04F79EFBC}") = "2.3CSBproperties", "2.3CSBproperties\2.3CSBproperties.csproj", "{808C2B03-7A97-4E00-8F1A-313B7CF929BD}"
EndProject
Global
	GlobalSection(SolutionConfigurationPlatforms) = preSolution
		Debug|Any CPU = Debug|Any CPU
		Release|Any CPU = Release|Any CPU
	EndGlobalSection
	GlobalSection(ProjectConfigurationPlatforms) = postSolution
		{808C2B03-7A97-4E00-8F1A-313B7CF929BD}.Debug|Any CPU.ActiveCfg = Debug|Any CPU
		{808C2B03-7A97-4E00-8F1A-313B7CF929BD}.Debug|Any CPU.Build.0 = Debug|Any CPU
		{808C2B03-7A97-4E00-8F1A-313B7CF929BD}.Release|Any CPU.ActiveCfg = Release|Any CPU
		{808C2B03-7A97-4E00-8F1A-313B7CF929BD}.Release|Any CPU.Build.0 = Release|Any CPU
	EndGlobalSection
	GlobalSection(SolutionProperties) = preSolution
		HideSolutionNode = FALSE
	EndGlobalSection
	GlobalSection(ExtensibilityGlobals) = postSolution
		SolutionGuid = {75289CD9-E6D3-4B8F-B2AA-CF1EE42EB296}
	EndGlobalSection
EndGlobal
