
Microsoft Visual Studio Solution File, Format Version 12.00
# Visual Studio Version 16
VisualStudioVersion = 16.0.32901.82
MinimumVisualStudioVersion = 10.0.40219.1
Project("{FAE04EC0-301F-11D3-BF4B-00C04F79EFBC}") = "3.3VehicleEMI", "3.3VehicleEMI\3.3VehicleEMI.csproj", "{EB58E9DC-C83C-41DA-AFC5-14DD9A94E559}"
EndProject
Global
	GlobalSection(SolutionConfigurationPlatforms) = preSolution
		Debug|Any CPU = Debug|Any CPU
		Release|Any CPU = Release|Any CPU
	EndGlobalSection
	GlobalSection(ProjectConfigurationPlatforms) = postSolution
		{EB58E9DC-C83C-41DA-AFC5-14DD9A94E559}.Debug|Any CPU.ActiveCfg = Debug|Any CPU
		{EB58E9DC-C83C-41DA-AFC5-14DD9A94E559}.Debug|Any CPU.Build.0 = Debug|Any CPU
		{EB58E9DC-C83C-41DA-AFC5-14DD9A94E559}.Release|Any CPU.ActiveCfg = Release|Any CPU
		{EB58E9DC-C83C-41DA-AFC5-14DD9A94E559}.Release|Any CPU.Build.0 = Release|Any CPU
	EndGlobalSection
	GlobalSection(SolutionProperties) = preSolution
		HideSolutionNode = FALSE
	EndGlobalSection
	GlobalSection(ExtensibilityGlobals) = postSolution
		SolutionGuid = {BA279238-4F5F-4A68-BD2C-201C45AD8DD3}
	EndGlobalSection
EndGlobal
